// !$*UTF8*$!
{
	archiveVersion = 1;
	classes = {
	};
	objectVersion = 56;
	objects = {

/* Begin PBXBuildFile section */
		321AA7582B1F514F007BFE0A /* StandingCoffeeApp.swift in Sources */ = {isa = PBXBuildFile; fileRef = 321AA7572B1F514F007BFE0A /* StandingCoffeeApp.swift */; };
		321AA75A2B1F514F007BFE0A /* MainMemoView.swift in Sources */ = {isa = PBXBuildFile; fileRef = 321AA7592B1F514F007BFE0A /* MainMemoView.swift */; };
		321AA75C2B1F5151007BFE0A /* Assets.xcassets in Resources */ = {isa = PBXBuildFile; fileRef = 321AA75B2B1F5151007BFE0A /* Assets.xcassets */; };
		321AA75F2B1F5151007BFE0A /* Preview Assets.xcassets in Resources */ = {isa = PBXBuildFile; fileRef = 321AA75E2B1F5151007BFE0A /* Preview Assets.xcassets */; };
		321AA7672B1F54B5007BFE0A /* ComposableArchitecture in Frameworks */ = {isa = PBXBuildFile; productRef = 321AA7662B1F54B5007BFE0A /* ComposableArchitecture */; };
		321AA7692B1F5B58007BFE0A /* WritingMemoFeature.swift in Sources */ = {isa = PBXBuildFile; fileRef = 321AA7682B1F5B58007BFE0A /* WritingMemoFeature.swift */; };
		321AA76B2B204044007BFE0A /* Memos.swift in Sources */ = {isa = PBXBuildFile; fileRef = 321AA76A2B204044007BFE0A /* Memos.swift */; };
		321AA76D2B20404D007BFE0A /* Memofff.swift in Sources */ = {isa = PBXBuildFile; fileRef = 321AA76C2B20404D007BFE0A /* Memofff.swift */; };
/* End PBXBuildFile section */

/* Begin PBXFileReference section */
		321AA7542B1F514F007BFE0A /* StandingCoffee.app */ = {isa = PBXFileReference; explicitFileType = wrapper.application; includeInIndex = 0; path = StandingCoffee.app; sourceTree = BUILT_PRODUCTS_DIR; };
		321AA7572B1F514F007BFE0A /* StandingCoffeeApp.swift */ = {isa = PBXFileReference; lastKnownFileType = sourcecode.swift; path = StandingCoffeeApp.swift; sourceTree = "<group>"; };
		321AA7592B1F514F007BFE0A /* MainMemoView.swift */ = {isa = PBXFileReference; lastKnownFileType = sourcecode.swift; path = MainMemoView.swift; sourceTree = "<group>"; };
		321AA75B2B1F5151007BFE0A /* Assets.xcassets */ = {isa = PBXFileReference; lastKnownFileType = folder.assetcatalog; path = Assets.xcassets; sourceTree = "<group>"; };
		321AA75E2B1F5151007BFE0A /* Preview Assets.xcassets */ = {isa = PBXFileReference; lastKnownFileType = folder.assetcatalog; path = "Preview Assets.xcassets"; sourceTree = "<group>"; };
		321AA7682B1F5B58007BFE0A /* WritingMemoFeature.swift */ = {isa = PBXFileReference; lastKnownFileType = sourcecode.swift; path = WritingMemoFeature.swift; sourceTree = "<group>"; };
		321AA76A2B204044007BFE0A /* Memos.swift */ = {isa = PBXFileReference; lastKnownFileType = sourcecode.swift; path = Memos.swift; sourceTree = "<group>"; };
		321AA76C2B20404D007BFE0A /* Memofff.swift */ = {isa = PBXFileReference; lastKnownFileType = sourcecode.swift; path = Memofff.swift; sourceTree = "<group>"; };
/* End PBXFileReference section */

/* Begin PBXFrameworksBuildPhase section */
		321AA7512B1F514F007BFE0A /* Frameworks */ = {
			isa = PBXFrameworksBuildPhase;
			buildActionMask = 2147483647;
			files = (
				321AA7672B1F54B5007BFE0A /* ComposableArchitecture in Frameworks */,
			);
			runOnlyForDeploymentPostprocessing = 0;
		};
/* End PBXFrameworksBuildPhase section */

/* Begin PBXGroup section */
		321AA74B2B1F514F007BFE0A = {
			isa = PBXGroup;
			children = (
				321AA7562B1F514F007BFE0A /* StandingCoffee */,
				321AA7552B1F514F007BFE0A /* Products */,
			);
			sourceTree = "<group>";
		};
		321AA7552B1F514F007BFE0A /* Products */ = {
			isa = PBXGroup;
			children = (
				321AA7542B1F514F007BFE0A /* StandingCoffee.app */,
			);
			name = Products;
			sourceTree = "<group>";
		};
		321AA7562B1F514F007BFE0A /* StandingCoffee */ = {
			isa = PBXGroup;
			children = (
				321AA7572B1F514F007BFE0A /* StandingCoffeeApp.swift */,
				321AA7592B1F514F007BFE0A /* MainMemoView.swift */,
				321AA75B2B1F5151007BFE0A /* Assets.xcassets */,
				321AA75D2B1F5151007BFE0A /* Preview Content */,
				321AA7682B1F5B58007BFE0A /* WritingMemoFeature.swift */,
				321AA76A2B204044007BFE0A /* Memos.swift */,
				321AA76C2B20404D007BFE0A /* Memofff.swift */,
			);
			path = StandingCoffee;
			sourceTree = "<group>";
		};
		321AA75D2B1F5151007BFE0A /* Preview Content */ = {
			isa = PBXGroup;
			children = (
				321AA75E2B1F5151007BFE0A /* Preview Assets.xcassets */,
			);
			path = "Preview Content";
			sourceTree = "<group>";
		};
/* End PBXGroup section */

/* Begin PBXNativeTarget section */
		321AA7532B1F514F007BFE0A /* StandingCoffee */ = {
			isa = PBXNativeTarget;
			buildConfigurationList = 321AA7622B1F5151007BFE0A /* Build configuration list for PBXNativeTarget "StandingCoffee" */;
			buildPhases = (
				321AA7502B1F514F007BFE0A /* Sources */,
				321AA7512B1F514F007BFE0A /* Frameworks */,
				321AA7522B1F514F007BFE0A /* Resources */,
			);
			buildRules = (
			);
			dependencies = (
			);
			name = StandingCoffee;
			packageProductDependencies = (
				321AA7662B1F54B5007BFE0A /* ComposableArchitecture */,
			);
			productName = StandingCoffee;
			productReference = 321AA7542B1F514F007BFE0A /* StandingCoffee.app */;
			productType = "com.apple.product-type.application";
		};
/* End PBXNativeTarget section */

/* Begin PBXProject section */
		321AA74C2B1F514F007BFE0A /* Project object */ = {
			isa = PBXProject;
			attributes = {
				BuildIndependentTargetsInParallel = 1;
				LastSwiftUpdateCheck = 1500;
				LastUpgradeCheck = 1500;
				TargetAttributes = {
					321AA7532B1F514F007BFE0A = {
						CreatedOnToolsVersion = 15.0.1;
					};
				};
			};
			buildConfigurationList = 321AA74F2B1F514F007BFE0A /* Build configuration list for PBXProject "StandingCoffee" */;
			compatibilityVersion = "Xcode 14.0";
			developmentRegion = en;
			hasScannedForEncodings = 0;
			knownRegions = (
				en,
				Base,
			);
			mainGroup = 321AA74B2B1F514F007BFE0A;
			packageReferences = (
				321AA7652B1F54B5007BFE0A /* XCRemoteSwiftPackageReference "swift-composable-architecture" */,
			);
			productRefGroup = 321AA7552B1F514F007BFE0A /* Products */;
			projectDirPath = "";
			projectRoot = "";
			targets = (
				321AA7532B1F514F007BFE0A /* StandingCoffee */,
			);
		};
/* End PBXProject section */

/* Begin PBXResourcesBuildPhase section */
		321AA7522B1F514F007BFE0A /* Resources */ = {
			isa = PBXResourcesBuildPhase;
			buildActionMask = 2147483647;
			files = (
				321AA75F2B1F5151007BFE0A /* Preview Assets.xcassets in Resources */,
				321AA75C2B1F5151007BFE0A /* Assets.xcassets in Resources */,
			);
			runOnlyForDeploymentPostprocessing = 0;
		};
/* End PBXResourcesBuildPhase section */

/* Begin PBXSourcesBuildPhase section */
		321AA7502B1F514F007BFE0A /* Sources */ = {
			isa = PBXSourcesBuildPhase;
			buildActionMask = 2147483647;
			files = (
				321AA7692B1F5B58007BFE0A /* WritingMemoFeature.swift in Sources */,
				321AA75A2B1F514F007BFE0A /* MainMemoView.swift in Sources */,
				321AA7582B1F514F007BFE0A /* StandingCoffeeApp.swift in Sources */,
				321AA76B2B204044007BFE0A /* Memos.swift in Sources */,
				321AA76D2B20404D007BFE0A /* Memofff.swift in Sources */,
			);
			runOnlyForDeploymentPostprocessing = 0;
		};
/* End PBXSourcesBuildPhase section */

/* Begin XCBuildConfiguration section */
		321AA7602B1F5151007BFE0A /* Debug */ = {
			isa = XCBuildConfiguration;
			buildSettings = {
				ALWAYS_SEARCH_USER_PATHS = NO;
				ASSETCATALOG_COMPILER_GENERATE_SWIFT_ASSET_SYMBOL_EXTENSIONS = YES;
				CLANG_ANALYZER_NONNULL = YES;
				CLANG_ANALYZER_NUMBER_OBJECT_CONVERSION = YES_AGGRESSIVE;
				CLANG_CXX_LANGUAGE_STANDARD = "gnu++20";
				CLANG_ENABLE_MODULES = YES;
				CLANG_ENABLE_OBJC_ARC = YES;
				CLANG_ENABLE_OBJC_WEAK = YES;
				CLANG_WARN_BLOCK_CAPTURE_AUTORELEASING = YES;
				CLANG_WARN_BOOL_CONVERSION = YES;
				CLANG_WARN_COMMA = YES;
				CLANG_WARN_CONSTANT_CONVERSION = YES;
				CLANG_WARN_DEPRECATED_OBJC_IMPLEMENTATIONS = YES;
				CLANG_WARN_DIRECT_OBJC_ISA_USAGE = YES_ERROR;
				CLANG_WARN_DOCUMENTATION_COMMENTS = YES;
				CLANG_WARN_EMPTY_BODY = YES;
				CLANG_WARN_ENUM_CONVERSION = YES;
				CLANG_WARN_INFINITE_RECURSION = YES;
				CLANG_WARN_INT_CONVERSION = YES;
				CLANG_WARN_NON_LITERAL_NULL_CONVERSION = YES;
				CLANG_WARN_OBJC_IMPLICIT_RETAIN_SELF = YES;
				CLANG_WARN_OBJC_LITERAL_CONVERSION = YES;
				CLANG_WARN_OBJC_ROOT_CLASS = YES_ERROR;
				CLANG_WARN_QUOTED_INCLUDE_IN_FRAMEWORK_HEADER = YES;
				CLANG_WARN_RANGE_LOOP_ANALYSIS = YES;
				CLANG_WARN_STRICT_PROTOTYPES = YES;
				CLANG_WARN_SUSPICIOUS_MOVE = YES;
				CLANG_WARN_UNGUARDED_AVAILABILITY = YES_AGGRESSIVE;
				CLANG_WARN_UNREACHABLE_CODE = YES;
				CLANG_WARN__DUPLICATE_METHOD_MATCH = YES;
				COPY_PHASE_STRIP = NO;
				DEBUG_INFORMATION_FORMAT = dwarf;
				ENABLE_STRICT_OBJC_MSGSEND = YES;
				ENABLE_TESTABILITY = YES;
				ENABLE_USER_SCRIPT_SANDBOXING = YES;
				GCC_C_LANGUAGE_STANDARD = gnu17;
				GCC_DYNAMIC_NO_PIC = NO;
				GCC_NO_COMMON_BLOCKS = YES;
				GCC_OPTIMIZATION_LEVEL = 0;
				GCC_PREPROCESSOR_DEFINITIONS = (
					"DEBUG=1",
					"$(inherited)",
				);
				GCC_WARN_64_TO_32_BIT_CONVERSION = YES;
				GCC_WARN_ABOUT_RETURN_TYPE = YES_ERROR;
				GCC_WARN_UNDECLARED_SELECTOR = YES;
				GCC_WARN_UNINITIALIZED_AUTOS = YES_AGGRESSIVE;
				GCC_WARN_UNUSED_FUNCTION = YES;
				GCC_WARN_UNUSED_VARIABLE = YES;
				IPHONEOS_DEPLOYMENT_TARGET = 17.0;
				LOCALIZATION_PREFERS_STRING_CATALOGS = YES;
				MTL_ENABLE_DEBUG_INFO = INCLUDE_SOURCE;
				MTL_FAST_MATH = YES;
				ONLY_ACTIVE_ARCH = YES;
				SDKROOT = iphoneos;
				SWIFT_ACTIVE_COMPILATION_CONDITIONS = "DEBUG $(inherited)";
				SWIFT_OPTIMIZATION_LEVEL = "-Onone";
			};
			name = Debug;
		};
		321AA7612B1F5151007BFE0A /* Release */ = {
			isa = XCBuildConfiguration;
			buildSettings = {
				ALWAYS_SEARCH_USER_PATHS = NO;
				ASSETCATALOG_COMPILER_GENERATE_SWIFT_ASSET_SYMBOL_EXTENSIONS = YES;
				CLANG_ANALYZER_NONNULL = YES;
				CLANG_ANALYZER_NUMBER_OBJECT_CONVERSION = YES_AGGRESSIVE;
				CLANG_CXX_LANGUAGE_STANDARD = "gnu++20";
				CLANG_ENABLE_MODULES = YES;
				CLANG_ENABLE_OBJC_ARC = YES;
				CLANG_ENABLE_OBJC_WEAK = YES;
				CLANG_WARN_BLOCK_CAPTURE_AUTORELEASING = YES;
				CLANG_WARN_BOOL_CONVERSION = YES;
				CLANG_WARN_COMMA = YES;
				CLANG_WARN_CONSTANT_CONVERSION = YES;
				CLANG_WARN_DEPRECATED_OBJC_IMPLEMENTATIONS = YES;
				CLANG_WARN_DIRECT_OBJC_ISA_USAGE = YES_ERROR;
				CLANG_WARN_DOCUMENTATION_COMMENTS = YES;
				CLANG_WARN_EMPTY_BODY = YES;
				CLANG_WARN_ENUM_CONVERSION = YES;
				CLANG_WARN_INFINITE_RECURSION = YES;
				CLANG_WARN_INT_CONVERSION = YES;
				CLANG_WARN_NON_LITERAL_NULL_CONVERSION = YES;
				CLANG_WARN_OBJC_IMPLICIT_RETAIN_SELF = YES;
				CLANG_WARN_OBJC_LITERAL_CONVERSION = YES;
				CLANG_WARN_OBJC_ROOT_CLASS = YES_ERROR;
				CLANG_WARN_QUOTED_INCLUDE_IN_FRAMEWORK_HEADER = YES;
				CLANG_WARN_RANGE_LOOP_ANALYSIS = YES;
				CLANG_WARN_STRICT_PROTOTYPES = YES;
				CLANG_WARN_SUSPICIOUS_MOVE = YES;
				CLANG_WARN_UNGUARDED_AVAILABILITY = YES_AGGRESSIVE;
				CLANG_WARN_UNREACHABLE_CODE = YES;
				CLANG_WARN__DUPLICATE_METHOD_MATCH = YES;
				COPY_PHASE_STRIP = NO;
				DEBUG_INFORMATION_FORMAT = "dwarf-with-dsym";
				ENABLE_NS_ASSERTIONS = NO;
				ENABLE_STRICT_OBJC_MSGSEND = YES;
				ENABLE_USER_SCRIPT_SANDBOXING = YES;
				GCC_C_LANGUAGE_STANDARD = gnu17;
				GCC_NO_COMMON_BLOCKS = YES;
				GCC_WARN_64_TO_32_BIT_CONVERSION = YES;
				GCC_WARN_ABOUT_RETURN_TYPE = YES_ERROR;
				GCC_WARN_UNDECLARED_SELECTOR = YES;
				GCC_WARN_UNINITIALIZED_AUTOS = YES_AGGRESSIVE;
				GCC_WARN_UNUSED_FUNCTION = YES;
				GCC_WARN_UNUSED_VARIABLE = YES;
				IPHONEOS_DEPLOYMENT_TARGET = 17.0;
				LOCALIZATION_PREFERS_STRING_CATALOGS = YES;
				MTL_ENABLE_DEBUG_INFO = NO;
				MTL_FAST_MATH = YES;
				SDKROOT = iphoneos;
				SWIFT_COMPILATION_MODE = wholemodule;
				VALIDATE_PRODUCT = YES;
			};
			name = Release;
		};
		321AA7632B1F5151007BFE0A /* Debug */ = {
			isa = XCBuildConfiguration;
			buildSettings = {
				ASSETCATALOG_COMPILER_APPICON_NAME = AppIcon;
				ASSETCATALOG_COMPILER_GLOBAL_ACCENT_COLOR_NAME = AccentColor;
				CODE_SIGN_STYLE = Automatic;
				CURRENT_PROJECT_VERSION = 1;
				DEVELOPMENT_ASSET_PATHS = "\"StandingCoffee/Preview Content\"";
				DEVELOPMENT_TEAM = Y4584ZT4G6;
				ENABLE_PREVIEWS = YES;
				GENERATE_INFOPLIST_FILE = YES;
				INFOPLIST_KEY_UIApplicationSceneManifest_Generation = YES;
				INFOPLIST_KEY_UIApplicationSupportsIndirectInputEvents = YES;
				INFOPLIST_KEY_UILaunchScreen_Generation = YES;
				INFOPLIST_KEY_UISupportedInterfaceOrientations_iPad = "UIInterfaceOrientationPortrait UIInterfaceOrientationPortraitUpsideDown UIInterfaceOrientationLandscapeLeft UIInterfaceOrientationLandscapeRight";
				INFOPLIST_KEY_UISupportedInterfaceOrientations_iPhone = "UIInterfaceOrientationPortrait UIInterfaceOrientationLandscapeLeft UIInterfaceOrientationLandscapeRight";
				LD_RUNPATH_SEARCH_PATHS = (
					"$(inherited)",
					"@executable_path/Frameworks",
				);
				MARKETING_VERSION = 1.0;
				PRODUCT_BUNDLE_IDENTIFIER = com.gyl.StandingCoffee;
				PRODUCT_NAME = "$(TARGET_NAME)";
				SWIFT_EMIT_LOC_STRINGS = YES;
				SWIFT_VERSION = 5.0;
				TARGETED_DEVICE_FAMILY = "1,2";
			};
			name = Debug;
		};
		321AA7642B1F5151007BFE0A /* Release */ = {
			isa = XCBuildConfiguration;
			buildSettings = {
				ASSETCATALOG_COMPILER_APPICON_NAME = AppIcon;
				ASSETCATALOG_COMPILER_GLOBAL_ACCENT_COLOR_NAME = AccentColor;
				CODE_SIGN_STYLE = Automatic;
				CURRENT_PROJECT_VERSION = 1;
				DEVELOPMENT_ASSET_PATHS = "\"StandingCoffee/Preview Content\"";
				DEVELOPMENT_TEAM = Y4584ZT4G6;
				ENABLE_PREVIEWS = YES;
				GENERATE_INFOPLIST_FILE = YES;
				INFOPLIST_KEY_UIApplicationSceneManifest_Generation = YES;
				INFOPLIST_KEY_UIApplicationSupportsIndirectInputEvents = YES;
				INFOPLIST_KEY_UILaunchScreen_Generation = YES;
				INFOPLIST_KEY_UISupportedInterfaceOrientations_iPad = "UIInterfaceOrientationPortrait UIInterfaceOrientationPortraitUpsideDown UIInterfaceOrientationLandscapeLeft UIInterfaceOrientationLandscapeRight";
				INFOPLIST_KEY_UISupportedInterfaceOrientations_iPhone = "UIInterfaceOrientationPortrait UIInterfaceOrientationLandscapeLeft UIInterfaceOrientationLandscapeRight";
				LD_RUNPATH_SEARCH_PATHS = (
					"$(inherited)",
					"@executable_path/Frameworks",
				);
				MARKETING_VERSION = 1.0;
				PRODUCT_BUNDLE_IDENTIFIER = com.gyl.StandingCoffee;
				PRODUCT_NAME = "$(TARGET_NAME)";
				SWIFT_EMIT_LOC_STRINGS = YES;
				SWIFT_VERSION = 5.0;
				TARGETED_DEVICE_FAMILY = "1,2";
			};
			name = Release;
		};
/* End XCBuildConfiguration section */

/* Begin XCConfigurationList section */
		321AA74F2B1F514F007BFE0A /* Build configuration list for PBXProject "StandingCoffee" */ = {
			isa = XCConfigurationList;
			buildConfigurations = (
				321AA7602B1F5151007BFE0A /* Debug */,
				321AA7612B1F5151007BFE0A /* Release */,
			);
			defaultConfigurationIsVisible = 0;
			defaultConfigurationName = Release;
		};
		321AA7622B1F5151007BFE0A /* Build configuration list for PBXNativeTarget "StandingCoffee" */ = {
			isa = XCConfigurationList;
			buildConfigurations = (
				321AA7632B1F5151007BFE0A /* Debug */,
				321AA7642B1F5151007BFE0A /* Release */,
			);
			defaultConfigurationIsVisible = 0;
			defaultConfigurationName = Release;
		};
/* End XCConfigurationList section */

/* Begin XCRemoteSwiftPackageReference section */
		321AA7652B1F54B5007BFE0A /* XCRemoteSwiftPackageReference "swift-composable-architecture" */ = {
			isa = XCRemoteSwiftPackageReference;
			repositoryURL = "https://github.com/pointfreeco/swift-composable-architecture";
			requirement = {
				kind = upToNextMajorVersion;
				minimumVersion = 1.5.1;
			};
		};
/* End XCRemoteSwiftPackageReference section */

/* Begin XCSwiftPackageProductDependency section */
		321AA7662B1F54B5007BFE0A /* ComposableArchitecture */ = {
			isa = XCSwiftPackageProductDependency;
			package = 321AA7652B1F54B5007BFE0A /* XCRemoteSwiftPackageReference "swift-composable-architecture" */;
			productName = ComposableArchitecture;
		};
/* End XCSwiftPackageProductDependency section */
	};
	rootObject = 321AA74C2B1F514F007BFE0A /* Project object */;
}
